
Microsoft Visual Studio Solution File, Format Version 12.00
# Visual Studio Version 17
VisualStudioVersion = 17.8.34309.116
MinimumVisualStudioVersion = 10.0.40219.1
Project("{9A19103F-16F7-4668-BE54-9A1E7A4F7556}") = "ATTSystems.SAF.API", "ATTSystems.SAF.API\ATTSystems.SAF.API\ATTSystems.SAF.API.csproj", "{D11B64D7-CB48-4EFE-A9CE-89472B1E7D40}"
	ProjectSection(ProjectDependencies) = postProject
		{77882E5B-3BA2-4374-982E-0C47318545BA} = {77882E5B-3BA2-4374-982E-0C47318545BA}
		{A944DD94-3221-45DB-93F2-7009697CB9D4} = {A944DD94-3221-45DB-93F2-7009697CB9D4}
	EndProjectSection
EndProject
Project("{9A19103F-16F7-4668-BE54-9A1E7A4F7556}") = "ATTSystems.SFA.DAL", "ATTSystems.SFA.DAL\ATTSystems.SFA.DAL.csproj", "{77882E5B-3BA2-4374-982E-0C47318545BA}"
	ProjectSection(ProjectDependencies) = postProject
		{A944DD94-3221-45DB-93F2-7009697CB9D4} = {A944DD94-3221-45DB-93F2-7009697CB9D4}
	EndProjectSection
EndProject
Project("{9A19103F-16F7-4668-BE54-9A1E7A4F7556}") = "ATTSystems.SFA.Model", "ATTSystems.SFA.Model\ATTSystems.SFA.Model.csproj", "{A944DD94-3221-45DB-93F2-7009697CB9D4}"
EndProject
Global
	GlobalSection(SolutionConfigurationPlatforms) = preSolution
		Debug|Any CPU = Debug|Any CPU
		Release|Any CPU = Release|Any CPU
	EndGlobalSection
	GlobalSection(ProjectConfigurationPlatforms) = postSolution
		{D11B64D7-CB48-4EFE-A9CE-89472B1E7D40}.Debug|Any CPU.ActiveCfg = Debug|Any CPU
		{D11B64D7-CB48-4EFE-A9CE-89472B1E7D40}.Debug|Any CPU.Build.0 = Debug|Any CPU
		{D11B64D7-CB48-4EFE-A9CE-89472B1E7D40}.Release|Any CPU.ActiveCfg = Release|Any CPU
		{D11B64D7-CB48-4EFE-A9CE-89472B1E7D40}.Release|Any CPU.Build.0 = Release|Any CPU
		{77882E5B-3BA2-4374-982E-0C47318545BA}.Debug|Any CPU.ActiveCfg = Debug|Any CPU
		{77882E5B-3BA2-4374-982E-0C47318545BA}.Debug|Any CPU.Build.0 = Debug|Any CPU
		{77882E5B-3BA2-4374-982E-0C47318545BA}.Release|Any CPU.ActiveCfg = Release|Any CPU
		{77882E5B-3BA2-4374-982E-0C47318545BA}.Release|Any CPU.Build.0 = Release|Any CPU
		{A944DD94-3221-45DB-93F2-7009697CB9D4}.Debug|Any CPU.ActiveCfg = Debug|Any CPU
		{A944DD94-3221-45DB-93F2-7009697CB9D4}.Debug|Any CPU.Build.0 = Debug|Any CPU
		{A944DD94-3221-45DB-93F2-7009697CB9D4}.Release|Any CPU.ActiveCfg = Release|Any CPU
		{A944DD94-3221-45DB-93F2-7009697CB9D4}.Release|Any CPU.Build.0 = Release|Any CPU
	EndGlobalSection
	GlobalSection(SolutionProperties) = preSolution
		HideSolutionNode = FALSE
	EndGlobalSection
	GlobalSection(ExtensibilityGlobals) = postSolution
		SolutionGuid = {5D051EB8-294F-42A5-9B62-DFF4D3CA8558}
	EndGlobalSection
EndGlobal
